
Microsoft Visual Studio Solution File, Format Version 12.00
# Visual Studio 15
VisualStudioVersion = 15.0.28010.2048
MinimumVisualStudioVersion = 10.0.40219.1
Project("{FAE04EC0-301F-11D3-BF4B-00C04F79EFBC}") = "BestOilApp", "BestOilApp\BestOilApp.csproj", "{BA63D433-3B12-406E-8AB2-7A032BD1FCA9}"
EndProject
Global
	GlobalSection(SolutionConfigurationPlatforms) = preSolution
		Debug|Any CPU = Debug|Any CPU
		Release|Any CPU = Release|Any CPU
	EndGlobalSection
	GlobalSection(ProjectConfigurationPlatforms) = postSolution
		{BA63D433-3B12-406E-8AB2-7A032BD1FCA9}.Debug|Any CPU.ActiveCfg = Debug|Any CPU
		{BA63D433-3B12-406E-8AB2-7A032BD1FCA9}.Debug|Any CPU.Build.0 = Debug|Any CPU
		{BA63D433-3B12-406E-8AB2-7A032BD1FCA9}.Release|Any CPU.ActiveCfg = Release|Any CPU
		{BA63D433-3B12-406E-8AB2-7A032BD1FCA9}.Release|Any CPU.Build.0 = Release|Any CPU
	EndGlobalSection
	GlobalSection(SolutionProperties) = preSolution
		HideSolutionNode = FALSE
	EndGlobalSection
	GlobalSection(ExtensibilityGlobals) = postSolution
		SolutionGuid = {BA0D6375-0DA9-4167-B6FC-840B60C8B699}
	EndGlobalSection
EndGlobal
